
Microsoft Visual Studio Solution File, Format Version 12.00
# Visual Studio 15
VisualStudioVersion = 15.0.28010.2003
MinimumVisualStudioVersion = 10.0.40219.1
Project("{FAE04EC0-301F-11D3-BF4B-00C04F79EFBC}") = "Lab28", "Lab28\Lab28.csproj", "{1A57E256-0AC5-4AF6-9602-479AF98FB44B}"
EndProject
Global
	GlobalSection(SolutionConfigurationPlatforms) = preSolution
		Debug|Any CPU = Debug|Any CPU
		Release|Any CPU = Release|Any CPU
	EndGlobalSection
	GlobalSection(ProjectConfigurationPlatforms) = postSolution
		{1A57E256-0AC5-4AF6-9602-479AF98FB44B}.Debug|Any CPU.ActiveCfg = Debug|Any CPU
		{1A57E256-0AC5-4AF6-9602-479AF98FB44B}.Debug|Any CPU.Build.0 = Debug|Any CPU
		{1A57E256-0AC5-4AF6-9602-479AF98FB44B}.Release|Any CPU.ActiveCfg = Release|Any CPU
		{1A57E256-0AC5-4AF6-9602-479AF98FB44B}.Release|Any CPU.Build.0 = Release|Any CPU
	EndGlobalSection
	GlobalSection(SolutionProperties) = preSolution
		HideSolutionNode = FALSE
	EndGlobalSection
	GlobalSection(ExtensibilityGlobals) = postSolution
		SolutionGuid = {DEADD510-D4AC-4CFD-B85F-E5D5F0B57DEE}
	EndGlobalSection
EndGlobal
